
Microsoft Visual Studio Solution File, Format Version 12.00
# Visual Studio Version 17
VisualStudioVersion = 17.10.34928.147
MinimumVisualStudioVersion = 10.0.40219.1
Project("{9A19103F-16F7-4668-BE54-9A1E7A4F7556}") = "MHW_Optimizer_Library", "MHW_Optimizer_Library.csproj", "{A250972C-DFA4-4095-9159-8D83E5FC32A9}"
EndProject
Project("{9A19103F-16F7-4668-BE54-9A1E7A4F7556}") = "MHW_Optimizer_API", "..\MHW_Optimizer_API\MHW_Optimizer_API.csproj", "{266BBE42-F970-4F75-92C3-04FD777F925A}"
EndProject
Project("{FAE04EC0-301F-11D3-BF4B-00C04F79EFBC}") = "MHW_Optimizer_Identity", "..\MHW_Optimizer_Identity\MHW_Optimizer_Identity.csproj", "{6184428C-4D41-4938-8DD0-6D5C018194CA}"
EndProject
Global
	GlobalSection(SolutionConfigurationPlatforms) = preSolution
		Debug|Any CPU = Debug|Any CPU
		Release|Any CPU = Release|Any CPU
	EndGlobalSection
	GlobalSection(ProjectConfigurationPlatforms) = postSolution
		{A250972C-DFA4-4095-9159-8D83E5FC32A9}.Debug|Any CPU.ActiveCfg = Debug|Any CPU
		{A250972C-DFA4-4095-9159-8D83E5FC32A9}.Debug|Any CPU.Build.0 = Debug|Any CPU
		{A250972C-DFA4-4095-9159-8D83E5FC32A9}.Release|Any CPU.ActiveCfg = Release|Any CPU
		{A250972C-DFA4-4095-9159-8D83E5FC32A9}.Release|Any CPU.Build.0 = Release|Any CPU
		{266BBE42-F970-4F75-92C3-04FD777F925A}.Debug|Any CPU.ActiveCfg = Debug|Any CPU
		{266BBE42-F970-4F75-92C3-04FD777F925A}.Debug|Any CPU.Build.0 = Debug|Any CPU
		{266BBE42-F970-4F75-92C3-04FD777F925A}.Release|Any CPU.ActiveCfg = Release|Any CPU
		{266BBE42-F970-4F75-92C3-04FD777F925A}.Release|Any CPU.Build.0 = Release|Any CPU
		{6184428C-4D41-4938-8DD0-6D5C018194CA}.Debug|Any CPU.ActiveCfg = Debug|Any CPU
		{6184428C-4D41-4938-8DD0-6D5C018194CA}.Debug|Any CPU.Build.0 = Debug|Any CPU
		{6184428C-4D41-4938-8DD0-6D5C018194CA}.Release|Any CPU.ActiveCfg = Release|Any CPU
		{6184428C-4D41-4938-8DD0-6D5C018194CA}.Release|Any CPU.Build.0 = Release|Any CPU
	EndGlobalSection
	GlobalSection(SolutionProperties) = preSolution
		HideSolutionNode = FALSE
	EndGlobalSection
	GlobalSection(ExtensibilityGlobals) = postSolution
		SolutionGuid = {223952DF-2CC5-4090-B437-4C1233CE10AB}
	EndGlobalSection
EndGlobal
